
Microsoft Visual Studio Solution File, Format Version 12.00
# Visual Studio 15
VisualStudioVersion = 15.0.28010.2036
MinimumVisualStudioVersion = 10.0.40219.1
Project("{FAE04EC0-301F-11D3-BF4B-00C04F79EFBC}") = "Image Combiner", "Image Combiner\Image Combiner.csproj", "{B3997099-1727-4BCD-BA9D-3B8CFB5B9FF6}"
EndProject
Global
	GlobalSection(SolutionConfigurationPlatforms) = preSolution
		Debug|Any CPU = Debug|Any CPU
		Release|Any CPU = Release|Any CPU
	EndGlobalSection
	GlobalSection(ProjectConfigurationPlatforms) = postSolution
		{B3997099-1727-4BCD-BA9D-3B8CFB5B9FF6}.Debug|Any CPU.ActiveCfg = Debug|Any CPU
		{B3997099-1727-4BCD-BA9D-3B8CFB5B9FF6}.Debug|Any CPU.Build.0 = Debug|Any CPU
		{B3997099-1727-4BCD-BA9D-3B8CFB5B9FF6}.Release|Any CPU.ActiveCfg = Release|Any CPU
		{B3997099-1727-4BCD-BA9D-3B8CFB5B9FF6}.Release|Any CPU.Build.0 = Release|Any CPU
	EndGlobalSection
	GlobalSection(SolutionProperties) = preSolution
		HideSolutionNode = FALSE
	EndGlobalSection
	GlobalSection(ExtensibilityGlobals) = postSolution
		SolutionGuid = {60BF2FDE-1320-4E2B-B18B-5312FF004DBD}
	EndGlobalSection
EndGlobal
